
Microsoft Visual Studio Solution File, Format Version 12.00
# Visual Studio 15
VisualStudioVersion = 15.0.27428.2027
MinimumVisualStudioVersion = 10.0.40219.1
Project("{FAE04EC0-301F-11D3-BF4B-00C04F79EFBC}") = "Tienda.COMMON", "Tienda.COMMON\Tienda.COMMON.csproj", "{95F35BFD-D46F-45D5-973A-3CF7D35319B7}"
EndProject
Project("{FAE04EC0-301F-11D3-BF4B-00C04F79EFBC}") = "Tienda.DAL", "Tienda.DAL\Tienda.DAL.csproj", "{07B907B5-05EE-4FC8-8696-3A8440ABF0F5}"
EndProject
Project("{FAE04EC0-301F-11D3-BF4B-00C04F79EFBC}") = "Tienda.BIZ", "Tienda.BIZ\Tienda.BIZ.csproj", "{418A3D3B-6142-4BEA-8B56-34285B73A437}"
EndProject
Project("{FAE04EC0-301F-11D3-BF4B-00C04F79EFBC}") = "Tienda.GUI", "Tienda.GUI\Tienda.GUI.csproj", "{93D9E916-D8CB-41E7-8404-F20BFCA9ACB3}"
EndProject
Project("{FAE04EC0-301F-11D3-BF4B-00C04F79EFBC}") = "Ventas.GUI", "Ventas.GUI\Ventas.GUI.csproj", "{CF85CBC9-35CA-421E-A787-386290B52582}"
EndProject
Global
	GlobalSection(SolutionConfigurationPlatforms) = preSolution
		Debug|Any CPU = Debug|Any CPU
		Release|Any CPU = Release|Any CPU
	EndGlobalSection
	GlobalSection(ProjectConfigurationPlatforms) = postSolution
		{95F35BFD-D46F-45D5-973A-3CF7D35319B7}.Debug|Any CPU.ActiveCfg = Debug|Any CPU
		{95F35BFD-D46F-45D5-973A-3CF7D35319B7}.Debug|Any CPU.Build.0 = Debug|Any CPU
		{95F35BFD-D46F-45D5-973A-3CF7D35319B7}.Release|Any CPU.ActiveCfg = Release|Any CPU
		{95F35BFD-D46F-45D5-973A-3CF7D35319B7}.Release|Any CPU.Build.0 = Release|Any CPU
		{07B907B5-05EE-4FC8-8696-3A8440ABF0F5}.Debug|Any CPU.ActiveCfg = Debug|Any CPU
		{07B907B5-05EE-4FC8-8696-3A8440ABF0F5}.Debug|Any CPU.Build.0 = Debug|Any CPU
		{07B907B5-05EE-4FC8-8696-3A8440ABF0F5}.Release|Any CPU.ActiveCfg = Release|Any CPU
		{07B907B5-05EE-4FC8-8696-3A8440ABF0F5}.Release|Any CPU.Build.0 = Release|Any CPU
		{418A3D3B-6142-4BEA-8B56-34285B73A437}.Debug|Any CPU.ActiveCfg = Debug|Any CPU
		{418A3D3B-6142-4BEA-8B56-34285B73A437}.Debug|Any CPU.Build.0 = Debug|Any CPU
		{418A3D3B-6142-4BEA-8B56-34285B73A437}.Release|Any CPU.ActiveCfg = Release|Any CPU
		{418A3D3B-6142-4BEA-8B56-34285B73A437}.Release|Any CPU.Build.0 = Release|Any CPU
		{93D9E916-D8CB-41E7-8404-F20BFCA9ACB3}.Debug|Any CPU.ActiveCfg = Debug|Any CPU
		{93D9E916-D8CB-41E7-8404-F20BFCA9ACB3}.Debug|Any CPU.Build.0 = Debug|Any CPU
		{93D9E916-D8CB-41E7-8404-F20BFCA9ACB3}.Release|Any CPU.ActiveCfg = Release|Any CPU
		{93D9E916-D8CB-41E7-8404-F20BFCA9ACB3}.Release|Any CPU.Build.0 = Release|Any CPU
		{CF85CBC9-35CA-421E-A787-386290B52582}.Debug|Any CPU.ActiveCfg = Debug|Any CPU
		{CF85CBC9-35CA-421E-A787-386290B52582}.Debug|Any CPU.Build.0 = Debug|Any CPU
		{CF85CBC9-35CA-421E-A787-386290B52582}.Release|Any CPU.ActiveCfg = Release|Any CPU
		{CF85CBC9-35CA-421E-A787-386290B52582}.Release|Any CPU.Build.0 = Release|Any CPU
	EndGlobalSection
	GlobalSection(SolutionProperties) = preSolution
		HideSolutionNode = FALSE
	EndGlobalSection
	GlobalSection(ExtensibilityGlobals) = postSolution
		SolutionGuid = {45C5EA5F-6EA7-46D6-889D-B144EEF3E91F}
	EndGlobalSection
EndGlobal
